
Microsoft Visual Studio Solution File, Format Version 12.00
# Visual Studio Version 17
VisualStudioVersion = 17.3.32819.101
MinimumVisualStudioVersion = 10.0.40219.1
Project("{FAE04EC0-301F-11D3-BF4B-00C04F79EFBC}") = "TaskManagement", "TaskManagement.csproj", "{06D622E2-2124-4F3D-95CE-E9AAE51705AA}"
EndProject
Global
	GlobalSection(SolutionConfigurationPlatforms) = preSolution
		Debug|Any CPU = Debug|Any CPU
		Release|Any CPU = Release|Any CPU
	EndGlobalSection
	GlobalSection(ProjectConfigurationPlatforms) = postSolution
		{06D622E2-2124-4F3D-95CE-E9AAE51705AA}.Debug|Any CPU.ActiveCfg = Debug|Any CPU
		{06D622E2-2124-4F3D-95CE-E9AAE51705AA}.Debug|Any CPU.Build.0 = Debug|Any CPU
		{06D622E2-2124-4F3D-95CE-E9AAE51705AA}.Release|Any CPU.ActiveCfg = Release|Any CPU
		{06D622E2-2124-4F3D-95CE-E9AAE51705AA}.Release|Any CPU.Build.0 = Release|Any CPU
	EndGlobalSection
	GlobalSection(SolutionProperties) = preSolution
		HideSolutionNode = FALSE
	EndGlobalSection
	GlobalSection(ExtensibilityGlobals) = postSolution
		SolutionGuid = {A4B14350-AB13-405D-BFA8-7966CD0E282A}
	EndGlobalSection
EndGlobal
